// !$*UTF8*$!
{
	archiveVersion = 1;
	classes = {
	};
	objectVersion = 55;
	objects = {

/* Begin PBXBuildFile section */
		EC18C74628C1749800907216 /* AppDelegate.swift in Sources */ = {isa = PBXBuildFile; fileRef = EC18C74528C1749800907216 /* AppDelegate.swift */; };
		EC18C74828C1749800907216 /* SceneDelegate.swift in Sources */ = {isa = PBXBuildFile; fileRef = EC18C74728C1749800907216 /* SceneDelegate.swift */; };
		EC18C74F28C1749B00907216 /* Assets.xcassets in Resources */ = {isa = PBXBuildFile; fileRef = EC18C74E28C1749B00907216 /* Assets.xcassets */; };
		EC18C75228C1749B00907216 /* LaunchScreen.storyboard in Resources */ = {isa = PBXBuildFile; fileRef = EC18C75028C1749B00907216 /* LaunchScreen.storyboard */; };
		EC18C75B28C175FC00907216 /* TabBarController.swift in Sources */ = {isa = PBXBuildFile; fileRef = EC18C75A28C175FC00907216 /* TabBarController.swift */; };
		EC18C75D28C179E200907216 /* HabitsViewController.swift in Sources */ = {isa = PBXBuildFile; fileRef = EC18C75C28C179E200907216 /* HabitsViewController.swift */; };
		EC18C75F28C17A1000907216 /* InfoViewController.swift in Sources */ = {isa = PBXBuildFile; fileRef = EC18C75E28C17A1000907216 /* InfoViewController.swift */; };
		EC18C76128C17A3000907216 /* HabitViewController.swift in Sources */ = {isa = PBXBuildFile; fileRef = EC18C76028C17A3000907216 /* HabitViewController.swift */; };
		EC18C76328C17A8D00907216 /* HabitDetailsViewController.swift in Sources */ = {isa = PBXBuildFile; fileRef = EC18C76228C17A8D00907216 /* HabitDetailsViewController.swift */; };
		EC18C76628C17ACF00907216 /* HabitsCollectionCell.swift in Sources */ = {isa = PBXBuildFile; fileRef = EC18C76528C17ACF00907216 /* HabitsCollectionCell.swift */; };
		EC18C76828C17B0900907216 /* ProgressBarCollectionCellCollectionViewCell.swift in Sources */ = {isa = PBXBuildFile; fileRef = EC18C76728C17B0900907216 /* ProgressBarCollectionCellCollectionViewCell.swift */; };
		EC18C76A28C17B6B00907216 /* HabitsStore.swift in Sources */ = {isa = PBXBuildFile; fileRef = EC18C76928C17B6B00907216 /* HabitsStore.swift */; };
		EC18C76E28C17BEA00907216 /* HabitDetailTableCell.swift in Sources */ = {isa = PBXBuildFile; fileRef = EC18C76D28C17BEA00907216 /* HabitDetailTableCell.swift */; };
/* End PBXBuildFile section */

/* Begin PBXFileReference section */
		EC18C74228C1749800907216 /* MyHabit.app */ = {isa = PBXFileReference; explicitFileType = wrapper.application; includeInIndex = 0; path = MyHabit.app; sourceTree = BUILT_PRODUCTS_DIR; };
		EC18C74528C1749800907216 /* AppDelegate.swift */ = {isa = PBXFileReference; lastKnownFileType = sourcecode.swift; path = AppDelegate.swift; sourceTree = "<group>"; };
		EC18C74728C1749800907216 /* SceneDelegate.swift */ = {isa = PBXFileReference; lastKnownFileType = sourcecode.swift; path = SceneDelegate.swift; sourceTree = "<group>"; };
		EC18C74E28C1749B00907216 /* Assets.xcassets */ = {isa = PBXFileReference; lastKnownFileType = folder.assetcatalog; path = Assets.xcassets; sourceTree = "<group>"; };
		EC18C75128C1749B00907216 /* Base */ = {isa = PBXFileReference; lastKnownFileType = file.storyboard; name = Base; path = Base.lproj/LaunchScreen.storyboard; sourceTree = "<group>"; };
		EC18C75328C1749B00907216 /* Info.plist */ = {isa = PBXFileReference; lastKnownFileType = text.plist.xml; path = Info.plist; sourceTree = "<group>"; };
		EC18C75A28C175FC00907216 /* TabBarController.swift */ = {isa = PBXFileReference; lastKnownFileType = sourcecode.swift; path = TabBarController.swift; sourceTree = "<group>"; };
		EC18C75C28C179E200907216 /* HabitsViewController.swift */ = {isa = PBXFileReference; lastKnownFileType = sourcecode.swift; path = HabitsViewController.swift; sourceTree = "<group>"; };
		EC18C75E28C17A1000907216 /* InfoViewController.swift */ = {isa = PBXFileReference; lastKnownFileType = sourcecode.swift; path = InfoViewController.swift; sourceTree = "<group>"; };
		EC18C76028C17A3000907216 /* HabitViewController.swift */ = {isa = PBXFileReference; lastKnownFileType = sourcecode.swift; path = HabitViewController.swift; sourceTree = "<group>"; };
		EC18C76228C17A8D00907216 /* HabitDetailsViewController.swift */ = {isa = PBXFileReference; lastKnownFileType = sourcecode.swift; path = HabitDetailsViewController.swift; sourceTree = "<group>"; };
		EC18C76528C17ACF00907216 /* HabitsCollectionCell.swift */ = {isa = PBXFileReference; lastKnownFileType = sourcecode.swift; path = HabitsCollectionCell.swift; sourceTree = "<group>"; };
		EC18C76728C17B0900907216 /* ProgressBarCollectionCellCollectionViewCell.swift */ = {isa = PBXFileReference; lastKnownFileType = sourcecode.swift; path = ProgressBarCollectionCellCollectionViewCell.swift; sourceTree = "<group>"; };
		EC18C76928C17B6B00907216 /* HabitsStore.swift */ = {isa = PBXFileReference; lastKnownFileType = sourcecode.swift; path = HabitsStore.swift; sourceTree = "<group>"; };
		EC18C76D28C17BEA00907216 /* HabitDetailTableCell.swift */ = {isa = PBXFileReference; lastKnownFileType = sourcecode.swift; path = HabitDetailTableCell.swift; sourceTree = "<group>"; };
/* End PBXFileReference section */

/* Begin PBXFrameworksBuildPhase section */
		EC18C73F28C1749800907216 /* Frameworks */ = {
			isa = PBXFrameworksBuildPhase;
			buildActionMask = 2147483647;
			files = (
			);
			runOnlyForDeploymentPostprocessing = 0;
		};
/* End PBXFrameworksBuildPhase section */

/* Begin PBXGroup section */
		EC18C73928C1749800907216 = {
			isa = PBXGroup;
			children = (
				EC18C74428C1749800907216 /* MyHabit */,
				EC18C74328C1749800907216 /* Products */,
			);
			sourceTree = "<group>";
		};
		EC18C74328C1749800907216 /* Products */ = {
			isa = PBXGroup;
			children = (
				EC18C74228C1749800907216 /* MyHabit.app */,
			);
			name = Products;
			sourceTree = "<group>";
		};
		EC18C74428C1749800907216 /* MyHabit */ = {
			isa = PBXGroup;
			children = (
				EC18C76428C17AA600907216 /* ViewCell */,
				EC18C75928C1759B00907216 /* ViewController */,
				EC18C74528C1749800907216 /* AppDelegate.swift */,
				EC18C74728C1749800907216 /* SceneDelegate.swift */,
				EC18C76928C17B6B00907216 /* HabitsStore.swift */,
				EC18C74E28C1749B00907216 /* Assets.xcassets */,
				EC18C75028C1749B00907216 /* LaunchScreen.storyboard */,
				EC18C75328C1749B00907216 /* Info.plist */,
			);
			path = MyHabit;
			sourceTree = "<group>";
		};
		EC18C75928C1759B00907216 /* ViewController */ = {
			isa = PBXGroup;
			children = (
				EC18C75A28C175FC00907216 /* TabBarController.swift */,
				EC18C75C28C179E200907216 /* HabitsViewController.swift */,
				EC18C75E28C17A1000907216 /* InfoViewController.swift */,
				EC18C76028C17A3000907216 /* HabitViewController.swift */,
				EC18C76228C17A8D00907216 /* HabitDetailsViewController.swift */,
			);
			path = ViewController;
			sourceTree = "<group>";
		};
		EC18C76428C17AA600907216 /* ViewCell */ = {
			isa = PBXGroup;
			children = (
				EC18C76528C17ACF00907216 /* HabitsCollectionCell.swift */,
				EC18C76728C17B0900907216 /* ProgressBarCollectionCellCollectionViewCell.swift */,
				EC18C76D28C17BEA00907216 /* HabitDetailTableCell.swift */,
			);
			path = ViewCell;
			sourceTree = "<group>";
		};
/* End PBXGroup section */

/* Begin PBXNativeTarget section */
		EC18C74128C1749800907216 /* MyHabit */ = {
			isa = PBXNativeTarget;
			buildConfigurationList = EC18C75628C1749B00907216 /* Build configuration list for PBXNativeTarget "MyHabit" */;
			buildPhases = (
				EC18C73E28C1749800907216 /* Sources */,
				EC18C73F28C1749800907216 /* Frameworks */,
				EC18C74028C1749800907216 /* Resources */,
			);
			buildRules = (
			);
			dependencies = (
			);
			name = MyHabit;
			productName = MyHabit;
			productReference = EC18C74228C1749800907216 /* MyHabit.app */;
			productType = "com.apple.product-type.application";
		};
/* End PBXNativeTarget section */

/* Begin PBXProject section */
		EC18C73A28C1749800907216 /* Project object */ = {
			isa = PBXProject;
			attributes = {
				BuildIndependentTargetsInParallel = 1;
				LastSwiftUpdateCheck = 1320;
				LastUpgradeCheck = 1320;
				TargetAttributes = {
					EC18C74128C1749800907216 = {
						CreatedOnToolsVersion = 13.2.1;
					};
				};
			};
			buildConfigurationList = EC18C73D28C1749800907216 /* Build configuration list for PBXProject "MyHabit" */;
			compatibilityVersion = "Xcode 13.0";
			developmentRegion = en;
			hasScannedForEncodings = 0;
			knownRegions = (
				en,
				Base,
			);
			mainGroup = EC18C73928C1749800907216;
			productRefGroup = EC18C74328C1749800907216 /* Products */;
			projectDirPath = "";
			projectRoot = "";
			targets = (
				EC18C74128C1749800907216 /* MyHabit */,
			);
		};
/* End PBXProject section */

/* Begin PBXResourcesBuildPhase section */
		EC18C74028C1749800907216 /* Resources */ = {
			isa = PBXResourcesBuildPhase;
			buildActionMask = 2147483647;
			files = (
				EC18C75228C1749B00907216 /* LaunchScreen.storyboard in Resources */,
				EC18C74F28C1749B00907216 /* Assets.xcassets in Resources */,
			);
			runOnlyForDeploymentPostprocessing = 0;
		};
/* End PBXResourcesBuildPhase section */

/* Begin PBXSourcesBuildPhase section */
		EC18C73E28C1749800907216 /* Sources */ = {
			isa = PBXSourcesBuildPhase;
			buildActionMask = 2147483647;
			files = (
				EC18C75B28C175FC00907216 /* TabBarController.swift in Sources */,
				EC18C76E28C17BEA00907216 /* HabitDetailTableCell.swift in Sources */,
				EC18C76128C17A3000907216 /* HabitViewController.swift in Sources */,
				EC18C74628C1749800907216 /* AppDelegate.swift in Sources */,
				EC18C76328C17A8D00907216 /* HabitDetailsViewController.swift in Sources */,
				EC18C76628C17ACF00907216 /* HabitsCollectionCell.swift in Sources */,
				EC18C74828C1749800907216 /* SceneDelegate.swift in Sources */,
				EC18C76828C17B0900907216 /* ProgressBarCollectionCellCollectionViewCell.swift in Sources */,
				EC18C75D28C179E200907216 /* HabitsViewController.swift in Sources */,
				EC18C76A28C17B6B00907216 /* HabitsStore.swift in Sources */,
				EC18C75F28C17A1000907216 /* InfoViewController.swift in Sources */,
			);
			runOnlyForDeploymentPostprocessing = 0;
		};
/* End PBXSourcesBuildPhase section */

/* Begin PBXVariantGroup section */
		EC18C75028C1749B00907216 /* LaunchScreen.storyboard */ = {
			isa = PBXVariantGroup;
			children = (
				EC18C75128C1749B00907216 /* Base */,
			);
			name = LaunchScreen.storyboard;
			sourceTree = "<group>";
		};
/* End PBXVariantGroup section */

/* Begin XCBuildConfiguration section */
		EC18C75428C1749B00907216 /* Debug */ = {
			isa = XCBuildConfiguration;
			buildSettings = {
				ALWAYS_SEARCH_USER_PATHS = NO;
				CLANG_ANALYZER_NONNULL = YES;
				CLANG_ANALYZER_NUMBER_OBJECT_CONVERSION = YES_AGGRESSIVE;
				CLANG_CXX_LANGUAGE_STANDARD = "gnu++17";
				CLANG_CXX_LIBRARY = "libc++";
				CLANG_ENABLE_MODULES = YES;
				CLANG_ENABLE_OBJC_ARC = YES;
				CLANG_ENABLE_OBJC_WEAK = YES;
				CLANG_WARN_BLOCK_CAPTURE_AUTORELEASING = YES;
				CLANG_WARN_BOOL_CONVERSION = YES;
				CLANG_WARN_COMMA = YES;
				CLANG_WARN_CONSTANT_CONVERSION = YES;
				CLANG_WARN_DEPRECATED_OBJC_IMPLEMENTATIONS = YES;
				CLANG_WARN_DIRECT_OBJC_ISA_USAGE = YES_ERROR;
				CLANG_WARN_DOCUMENTATION_COMMENTS = YES;
				CLANG_WARN_EMPTY_BODY = YES;
				CLANG_WARN_ENUM_CONVERSION = YES;
				CLANG_WARN_INFINITE_RECURSION = YES;
				CLANG_WARN_INT_CONVERSION = YES;
				CLANG_WARN_NON_LITERAL_NULL_CONVERSION = YES;
				CLANG_WARN_OBJC_IMPLICIT_RETAIN_SELF = YES;
				CLANG_WARN_OBJC_LITERAL_CONVERSION = YES;
				CLANG_WARN_OBJC_ROOT_CLASS = YES_ERROR;
				CLANG_WARN_QUOTED_INCLUDE_IN_FRAMEWORK_HEADER = YES;
				CLANG_WARN_RANGE_LOOP_ANALYSIS = YES;
				CLANG_WARN_STRICT_PROTOTYPES = YES;
				CLANG_WARN_SUSPICIOUS_MOVE = YES;
				CLANG_WARN_UNGUARDED_AVAILABILITY = YES_AGGRESSIVE;
				CLANG_WARN_UNREACHABLE_CODE = YES;
				CLANG_WARN__DUPLICATE_METHOD_MATCH = YES;
				COPY_PHASE_STRIP = NO;
				DEBUG_INFORMATION_FORMAT = dwarf;
				ENABLE_STRICT_OBJC_MSGSEND = YES;
				ENABLE_TESTABILITY = YES;
				GCC_C_LANGUAGE_STANDARD = gnu11;
				GCC_DYNAMIC_NO_PIC = NO;
				GCC_NO_COMMON_BLOCKS = YES;
				GCC_OPTIMIZATION_LEVEL = 0;
				GCC_PREPROCESSOR_DEFINITIONS = (
					"DEBUG=1",
					"$(inherited)",
				);
				GCC_WARN_64_TO_32_BIT_CONVERSION = YES;
				GCC_WARN_ABOUT_RETURN_TYPE = YES_ERROR;
				GCC_WARN_UNDECLARED_SELECTOR = YES;
				GCC_WARN_UNINITIALIZED_AUTOS = YES_AGGRESSIVE;
				GCC_WARN_UNUSED_FUNCTION = YES;
				GCC_WARN_UNUSED_VARIABLE = YES;
				IPHONEOS_DEPLOYMENT_TARGET = 15.2;
				MTL_ENABLE_DEBUG_INFO = INCLUDE_SOURCE;
				MTL_FAST_MATH = YES;
				ONLY_ACTIVE_ARCH = YES;
				SDKROOT = iphoneos;
				SWIFT_ACTIVE_COMPILATION_CONDITIONS = DEBUG;
				SWIFT_OPTIMIZATION_LEVEL = "-Onone";
			};
			name = Debug;
		};
		EC18C75528C1749B00907216 /* Release */ = {
			isa = XCBuildConfiguration;
			buildSettings = {
				ALWAYS_SEARCH_USER_PATHS = NO;
				CLANG_ANALYZER_NONNULL = YES;
				CLANG_ANALYZER_NUMBER_OBJECT_CONVERSION = YES_AGGRESSIVE;
				CLANG_CXX_LANGUAGE_STANDARD = "gnu++17";
				CLANG_CXX_LIBRARY = "libc++";
				CLANG_ENABLE_MODULES = YES;
				CLANG_ENABLE_OBJC_ARC = YES;
				CLANG_ENABLE_OBJC_WEAK = YES;
				CLANG_WARN_BLOCK_CAPTURE_AUTORELEASING = YES;
				CLANG_WARN_BOOL_CONVERSION = YES;
				CLANG_WARN_COMMA = YES;
				CLANG_WARN_CONSTANT_CONVERSION = YES;
				CLANG_WARN_DEPRECATED_OBJC_IMPLEMENTATIONS = YES;
				CLANG_WARN_DIRECT_OBJC_ISA_USAGE = YES_ERROR;
				CLANG_WARN_DOCUMENTATION_COMMENTS = YES;
				CLANG_WARN_EMPTY_BODY = YES;
				CLANG_WARN_ENUM_CONVERSION = YES;
				CLANG_WARN_INFINITE_RECURSION = YES;
				CLANG_WARN_INT_CONVERSION = YES;
				CLANG_WARN_NON_LITERAL_NULL_CONVERSION = YES;
				CLANG_WARN_OBJC_IMPLICIT_RETAIN_SELF = YES;
				CLANG_WARN_OBJC_LITERAL_CONVERSION = YES;
				CLANG_WARN_OBJC_ROOT_CLASS = YES_ERROR;
				CLANG_WARN_QUOTED_INCLUDE_IN_FRAMEWORK_HEADER = YES;
				CLANG_WARN_RANGE_LOOP_ANALYSIS = YES;
				CLANG_WARN_STRICT_PROTOTYPES = YES;
				CLANG_WARN_SUSPICIOUS_MOVE = YES;
				CLANG_WARN_UNGUARDED_AVAILABILITY = YES_AGGRESSIVE;
				CLANG_WARN_UNREACHABLE_CODE = YES;
				CLANG_WARN__DUPLICATE_METHOD_MATCH = YES;
				COPY_PHASE_STRIP = NO;
				DEBUG_INFORMATION_FORMAT = "dwarf-with-dsym";
				ENABLE_NS_ASSERTIONS = NO;
				ENABLE_STRICT_OBJC_MSGSEND = YES;
				GCC_C_LANGUAGE_STANDARD = gnu11;
				GCC_NO_COMMON_BLOCKS = YES;
				GCC_WARN_64_TO_32_BIT_CONVERSION = YES;
				GCC_WARN_ABOUT_RETURN_TYPE = YES_ERROR;
				GCC_WARN_UNDECLARED_SELECTOR = YES;
				GCC_WARN_UNINITIALIZED_AUTOS = YES_AGGRESSIVE;
				GCC_WARN_UNUSED_FUNCTION = YES;
				GCC_WARN_UNUSED_VARIABLE = YES;
				IPHONEOS_DEPLOYMENT_TARGET = 15.2;
				MTL_ENABLE_DEBUG_INFO = NO;
				MTL_FAST_MATH = YES;
				SDKROOT = iphoneos;
				SWIFT_COMPILATION_MODE = wholemodule;
				SWIFT_OPTIMIZATION_LEVEL = "-O";
				VALIDATE_PRODUCT = YES;
			};
			name = Release;
		};
		EC18C75728C1749B00907216 /* Debug */ = {
			isa = XCBuildConfiguration;
			buildSettings = {
				ASSETCATALOG_COMPILER_APPICON_NAME = AppIcon;
				ASSETCATALOG_COMPILER_GLOBAL_ACCENT_COLOR_NAME = AccentColor;
				CODE_SIGN_STYLE = Automatic;
				CURRENT_PROJECT_VERSION = 1;
				DEVELOPMENT_TEAM = 5V4PQH75UR;
				GENERATE_INFOPLIST_FILE = YES;
				INFOPLIST_FILE = MyHabit/Info.plist;
				INFOPLIST_KEY_UIApplicationSupportsIndirectInputEvents = YES;
				INFOPLIST_KEY_UILaunchStoryboardName = LaunchScreen;
				INFOPLIST_KEY_UISupportedInterfaceOrientations_iPad = "UIInterfaceOrientationPortrait UIInterfaceOrientationPortraitUpsideDown UIInterfaceOrientationLandscapeLeft UIInterfaceOrientationLandscapeRight";
				INFOPLIST_KEY_UISupportedInterfaceOrientations_iPhone = "UIInterfaceOrientationPortrait UIInterfaceOrientationLandscapeLeft UIInterfaceOrientationLandscapeRight";
				LD_RUNPATH_SEARCH_PATHS = (
					"$(inherited)",
					"@executable_path/Frameworks",
				);
				MARKETING_VERSION = 1.0;
				PRODUCT_BUNDLE_IDENTIFIER = "-.MyHabit";
				PRODUCT_NAME = "$(TARGET_NAME)";
				SWIFT_EMIT_LOC_STRINGS = YES;
				SWIFT_VERSION = 5.0;
				TARGETED_DEVICE_FAMILY = "1,2";
			};
			name = Debug;
		};
		EC18C75828C1749B00907216 /* Release */ = {
			isa = XCBuildConfiguration;
			buildSettings = {
				ASSETCATALOG_COMPILER_APPICON_NAME = AppIcon;
				ASSETCATALOG_COMPILER_GLOBAL_ACCENT_COLOR_NAME = AccentColor;
				CODE_SIGN_STYLE = Automatic;
				CURRENT_PROJECT_VERSION = 1;
				DEVELOPMENT_TEAM = 5V4PQH75UR;
				GENERATE_INFOPLIST_FILE = YES;
				INFOPLIST_FILE = MyHabit/Info.plist;
				INFOPLIST_KEY_UIApplicationSupportsIndirectInputEvents = YES;
				INFOPLIST_KEY_UILaunchStoryboardName = LaunchScreen;
				INFOPLIST_KEY_UISupportedInterfaceOrientations_iPad = "UIInterfaceOrientationPortrait UIInterfaceOrientationPortraitUpsideDown UIInterfaceOrientationLandscapeLeft UIInterfaceOrientationLandscapeRight";
				INFOPLIST_KEY_UISupportedInterfaceOrientations_iPhone = "UIInterfaceOrientationPortrait UIInterfaceOrientationLandscapeLeft UIInterfaceOrientationLandscapeRight";
				LD_RUNPATH_SEARCH_PATHS = (
					"$(inherited)",
					"@executable_path/Frameworks",
				);
				MARKETING_VERSION = 1.0;
				PRODUCT_BUNDLE_IDENTIFIER = "-.MyHabit";
				PRODUCT_NAME = "$(TARGET_NAME)";
				SWIFT_EMIT_LOC_STRINGS = YES;
				SWIFT_VERSION = 5.0;
				TARGETED_DEVICE_FAMILY = "1,2";
			};
			name = Release;
		};
/* End XCBuildConfiguration section */

/* Begin XCConfigurationList section */
		EC18C73D28C1749800907216 /* Build configuration list for PBXProject "MyHabit" */ = {
			isa = XCConfigurationList;
			buildConfigurations = (
				EC18C75428C1749B00907216 /* Debug */,
				EC18C75528C1749B00907216 /* Release */,
			);
			defaultConfigurationIsVisible = 0;
			defaultConfigurationName = Release;
		};
		EC18C75628C1749B00907216 /* Build configuration list for PBXNativeTarget "MyHabit" */ = {
			isa = XCConfigurationList;
			buildConfigurations = (
				EC18C75728C1749B00907216 /* Debug */,
				EC18C75828C1749B00907216 /* Release */,
			);
			defaultConfigurationIsVisible = 0;
			defaultConfigurationName = Release;
		};
/* End XCConfigurationList section */
	};
	rootObject = EC18C73A28C1749800907216 /* Project object */;
}
